// !$*UTF8*$!
{
	archiveVersion = 1;
	classes = {
	};
	objectVersion = 50;
	objects = {

/* Begin PBXBuildFile section */
		60BB6D8424BC47C100444B9B /* AppDelegate.m in Sources */ = {isa = PBXBuildFile; fileRef = 60BB6D8324BC47C100444B9B /* AppDelegate.m */; };
		60BB6D8724BC47C100444B9B /* SceneDelegate.m in Sources */ = {isa = PBXBuildFile; fileRef = 60BB6D8624BC47C100444B9B /* SceneDelegate.m */; };
		60BB6D8A24BC47C100444B9B /* ViewController.m in Sources */ = {isa = PBXBuildFile; fileRef = 60BB6D8924BC47C100444B9B /* ViewController.m */; };
		60BB6D8D24BC47C100444B9B /* Main.storyboard in Resources */ = {isa = PBXBuildFile; fileRef = 60BB6D8B24BC47C100444B9B /* Main.storyboard */; };
		60BB6D8F24BC47C200444B9B /* Assets.xcassets in Resources */ = {isa = PBXBuildFile; fileRef = 60BB6D8E24BC47C200444B9B /* Assets.xcassets */; };
		60BB6D9224BC47C200444B9B /* LaunchScreen.storyboard in Resources */ = {isa = PBXBuildFile; fileRef = 60BB6D9024BC47C200444B9B /* LaunchScreen.storyboard */; };
		60BB6D9524BC47C200444B9B /* main.m in Sources */ = {isa = PBXBuildFile; fileRef = 60BB6D9424BC47C200444B9B /* main.m */; };
		60BB6D9F24BC47C200444B9B /* __UIWindowTests.m in Sources */ = {isa = PBXBuildFile; fileRef = 60BB6D9E24BC47C200444B9B /* __UIWindowTests.m */; };
		60BB6DAA24BC47C200444B9B /* __UIWindowUITests.m in Sources */ = {isa = PBXBuildFile; fileRef = 60BB6DA924BC47C200444B9B /* __UIWindowUITests.m */; };
		60BB6DB924BC97CD00444B9B /* ViewC02.m in Sources */ = {isa = PBXBuildFile; fileRef = 60BB6DB824BC97CD00444B9B /* ViewC02.m */; };
/* End PBXBuildFile section */

/* Begin PBXContainerItemProxy section */
		60BB6D9B24BC47C200444B9B /* PBXContainerItemProxy */ = {
			isa = PBXContainerItemProxy;
			containerPortal = 60BB6D7724BC47C100444B9B /* Project object */;
			proxyType = 1;
			remoteGlobalIDString = 60BB6D7E24BC47C100444B9B;
			remoteInfo = 7.UIWindow;
		};
		60BB6DA624BC47C200444B9B /* PBXContainerItemProxy */ = {
			isa = PBXContainerItemProxy;
			containerPortal = 60BB6D7724BC47C100444B9B /* Project object */;
			proxyType = 1;
			remoteGlobalIDString = 60BB6D7E24BC47C100444B9B;
			remoteInfo = 7.UIWindow;
		};
/* End PBXContainerItemProxy section */

/* Begin PBXFileReference section */
		60BB6D7F24BC47C100444B9B /* 7.UIWindow.app */ = {isa = PBXFileReference; explicitFileType = wrapper.application; includeInIndex = 0; path = 7.UIWindow.app; sourceTree = BUILT_PRODUCTS_DIR; };
		60BB6D8224BC47C100444B9B /* AppDelegate.h */ = {isa = PBXFileReference; lastKnownFileType = sourcecode.c.h; path = AppDelegate.h; sourceTree = "<group>"; };
		60BB6D8324BC47C100444B9B /* AppDelegate.m */ = {isa = PBXFileReference; lastKnownFileType = sourcecode.c.objc; path = AppDelegate.m; sourceTree = "<group>"; };
		60BB6D8524BC47C100444B9B /* SceneDelegate.h */ = {isa = PBXFileReference; lastKnownFileType = sourcecode.c.h; path = SceneDelegate.h; sourceTree = "<group>"; };
		60BB6D8624BC47C100444B9B /* SceneDelegate.m */ = {isa = PBXFileReference; lastKnownFileType = sourcecode.c.objc; path = SceneDelegate.m; sourceTree = "<group>"; };
		60BB6D8824BC47C100444B9B /* ViewController.h */ = {isa = PBXFileReference; lastKnownFileType = sourcecode.c.h; path = ViewController.h; sourceTree = "<group>"; };
		60BB6D8924BC47C100444B9B /* ViewController.m */ = {isa = PBXFileReference; lastKnownFileType = sourcecode.c.objc; path = ViewController.m; sourceTree = "<group>"; };
		60BB6D8C24BC47C100444B9B /* Base */ = {isa = PBXFileReference; lastKnownFileType = file.storyboard; name = Base; path = Base.lproj/Main.storyboard; sourceTree = "<group>"; };
		60BB6D8E24BC47C200444B9B /* Assets.xcassets */ = {isa = PBXFileReference; lastKnownFileType = folder.assetcatalog; path = Assets.xcassets; sourceTree = "<group>"; };
		60BB6D9124BC47C200444B9B /* Base */ = {isa = PBXFileReference; lastKnownFileType = file.storyboard; name = Base; path = Base.lproj/LaunchScreen.storyboard; sourceTree = "<group>"; };
		60BB6D9324BC47C200444B9B /* Info.plist */ = {isa = PBXFileReference; lastKnownFileType = text.plist.xml; path = Info.plist; sourceTree = "<group>"; };
		60BB6D9424BC47C200444B9B /* main.m */ = {isa = PBXFileReference; lastKnownFileType = sourcecode.c.objc; path = main.m; sourceTree = "<group>"; };
		60BB6D9A24BC47C200444B9B /* 7.UIWindowTests.xctest */ = {isa = PBXFileReference; explicitFileType = wrapper.cfbundle; includeInIndex = 0; path = 7.UIWindowTests.xctest; sourceTree = BUILT_PRODUCTS_DIR; };
		60BB6D9E24BC47C200444B9B /* __UIWindowTests.m */ = {isa = PBXFileReference; lastKnownFileType = sourcecode.c.objc; path = __UIWindowTests.m; sourceTree = "<group>"; };
		60BB6DA024BC47C200444B9B /* Info.plist */ = {isa = PBXFileReference; lastKnownFileType = text.plist.xml; path = Info.plist; sourceTree = "<group>"; };
		60BB6DA524BC47C200444B9B /* 7.UIWindowUITests.xctest */ = {isa = PBXFileReference; explicitFileType = wrapper.cfbundle; includeInIndex = 0; path = 7.UIWindowUITests.xctest; sourceTree = BUILT_PRODUCTS_DIR; };
		60BB6DA924BC47C200444B9B /* __UIWindowUITests.m */ = {isa = PBXFileReference; lastKnownFileType = sourcecode.c.objc; path = __UIWindowUITests.m; sourceTree = "<group>"; };
		60BB6DAB24BC47C200444B9B /* Info.plist */ = {isa = PBXFileReference; lastKnownFileType = text.plist.xml; path = Info.plist; sourceTree = "<group>"; };
		60BB6DB724BC97CD00444B9B /* ViewC02.h */ = {isa = PBXFileReference; lastKnownFileType = sourcecode.c.h; path = ViewC02.h; sourceTree = "<group>"; };
		60BB6DB824BC97CD00444B9B /* ViewC02.m */ = {isa = PBXFileReference; lastKnownFileType = sourcecode.c.objc; path = ViewC02.m; sourceTree = "<group>"; };
/* End PBXFileReference section */

/* Begin PBXFrameworksBuildPhase section */
		60BB6D7C24BC47C100444B9B /* Frameworks */ = {
			isa = PBXFrameworksBuildPhase;
			buildActionMask = 2147483647;
			files = (
			);
			runOnlyForDeploymentPostprocessing = 0;
		};
		60BB6D9724BC47C200444B9B /* Frameworks */ = {
			isa = PBXFrameworksBuildPhase;
			buildActionMask = 2147483647;
			files = (
			);
			runOnlyForDeploymentPostprocessing = 0;
		};
		60BB6DA224BC47C200444B9B /* Frameworks */ = {
			isa = PBXFrameworksBuildPhase;
			buildActionMask = 2147483647;
			files = (
			);
			runOnlyForDeploymentPostprocessing = 0;
		};
/* End PBXFrameworksBuildPhase section */

/* Begin PBXGroup section */
		60BB6D7624BC47C100444B9B = {
			isa = PBXGroup;
			children = (
				60BB6D8124BC47C100444B9B /* 7.UIWindow */,
				60BB6D9D24BC47C200444B9B /* 7.UIWindowTests */,
				60BB6DA824BC47C200444B9B /* 7.UIWindowUITests */,
				60BB6D8024BC47C100444B9B /* Products */,
			);
			sourceTree = "<group>";
		};
		60BB6D8024BC47C100444B9B /* Products */ = {
			isa = PBXGroup;
			children = (
				60BB6D7F24BC47C100444B9B /* 7.UIWindow.app */,
				60BB6D9A24BC47C200444B9B /* 7.UIWindowTests.xctest */,
				60BB6DA524BC47C200444B9B /* 7.UIWindowUITests.xctest */,
			);
			name = Products;
			sourceTree = "<group>";
		};
		60BB6D8124BC47C100444B9B /* 7.UIWindow */ = {
			isa = PBXGroup;
			children = (
				60BB6D8224BC47C100444B9B /* AppDelegate.h */,
				60BB6D8324BC47C100444B9B /* AppDelegate.m */,
				60BB6D8524BC47C100444B9B /* SceneDelegate.h */,
				60BB6D8624BC47C100444B9B /* SceneDelegate.m */,
				60BB6D8824BC47C100444B9B /* ViewController.h */,
				60BB6D8924BC47C100444B9B /* ViewController.m */,
				60BB6DB724BC97CD00444B9B /* ViewC02.h */,
				60BB6DB824BC97CD00444B9B /* ViewC02.m */,
				60BB6D8B24BC47C100444B9B /* Main.storyboard */,
				60BB6D8E24BC47C200444B9B /* Assets.xcassets */,
				60BB6D9024BC47C200444B9B /* LaunchScreen.storyboard */,
				60BB6D9324BC47C200444B9B /* Info.plist */,
				60BB6D9424BC47C200444B9B /* main.m */,
			);
			path = 7.UIWindow;
			sourceTree = "<group>";
		};
		60BB6D9D24BC47C200444B9B /* 7.UIWindowTests */ = {
			isa = PBXGroup;
			children = (
				60BB6D9E24BC47C200444B9B /* __UIWindowTests.m */,
				60BB6DA024BC47C200444B9B /* Info.plist */,
			);
			path = 7.UIWindowTests;
			sourceTree = "<group>";
		};
		60BB6DA824BC47C200444B9B /* 7.UIWindowUITests */ = {
			isa = PBXGroup;
			children = (
				60BB6DA924BC47C200444B9B /* __UIWindowUITests.m */,
				60BB6DAB24BC47C200444B9B /* Info.plist */,
			);
			path = 7.UIWindowUITests;
			sourceTree = "<group>";
		};
/* End PBXGroup section */

/* Begin PBXNativeTarget section */
		60BB6D7E24BC47C100444B9B /* 7.UIWindow */ = {
			isa = PBXNativeTarget;
			buildConfigurationList = 60BB6DAE24BC47C200444B9B /* Build configuration list for PBXNativeTarget "7.UIWindow" */;
			buildPhases = (
				60BB6D7B24BC47C100444B9B /* Sources */,
				60BB6D7C24BC47C100444B9B /* Frameworks */,
				60BB6D7D24BC47C100444B9B /* Resources */,
			);
			buildRules = (
			);
			dependencies = (
			);
			name = 7.UIWindow;
			productName = 7.UIWindow;
			productReference = 60BB6D7F24BC47C100444B9B /* 7.UIWindow.app */;
			productType = "com.apple.product-type.application";
		};
		60BB6D9924BC47C200444B9B /* 7.UIWindowTests */ = {
			isa = PBXNativeTarget;
			buildConfigurationList = 60BB6DB124BC47C200444B9B /* Build configuration list for PBXNativeTarget "7.UIWindowTests" */;
			buildPhases = (
				60BB6D9624BC47C200444B9B /* Sources */,
				60BB6D9724BC47C200444B9B /* Frameworks */,
				60BB6D9824BC47C200444B9B /* Resources */,
			);
			buildRules = (
			);
			dependencies = (
				60BB6D9C24BC47C200444B9B /* PBXTargetDependency */,
			);
			name = 7.UIWindowTests;
			productName = 7.UIWindowTests;
			productReference = 60BB6D9A24BC47C200444B9B /* 7.UIWindowTests.xctest */;
			productType = "com.apple.product-type.bundle.unit-test";
		};
		60BB6DA424BC47C200444B9B /* 7.UIWindowUITests */ = {
			isa = PBXNativeTarget;
			buildConfigurationList = 60BB6DB424BC47C200444B9B /* Build configuration list for PBXNativeTarget "7.UIWindowUITests" */;
			buildPhases = (
				60BB6DA124BC47C200444B9B /* Sources */,
				60BB6DA224BC47C200444B9B /* Frameworks */,
				60BB6DA324BC47C200444B9B /* Resources */,
			);
			buildRules = (
			);
			dependencies = (
				60BB6DA724BC47C200444B9B /* PBXTargetDependency */,
			);
			name = 7.UIWindowUITests;
			productName = 7.UIWindowUITests;
			productReference = 60BB6DA524BC47C200444B9B /* 7.UIWindowUITests.xctest */;
			productType = "com.apple.product-type.bundle.ui-testing";
		};
/* End PBXNativeTarget section */

/* Begin PBXProject section */
		60BB6D7724BC47C100444B9B /* Project object */ = {
			isa = PBXProject;
			attributes = {
				LastUpgradeCheck = 1150;
				ORGANIZATIONNAME = young_jerry;
				TargetAttributes = {
					60BB6D7E24BC47C100444B9B = {
						CreatedOnToolsVersion = 11.5;
					};
					60BB6D9924BC47C200444B9B = {
						CreatedOnToolsVersion = 11.5;
						TestTargetID = 60BB6D7E24BC47C100444B9B;
					};
					60BB6DA424BC47C200444B9B = {
						CreatedOnToolsVersion = 11.5;
						TestTargetID = 60BB6D7E24BC47C100444B9B;
					};
				};
			};
			buildConfigurationList = 60BB6D7A24BC47C100444B9B /* Build configuration list for PBXProject "7.UIWindow" */;
			compatibilityVersion = "Xcode 9.3";
			developmentRegion = en;
			hasScannedForEncodings = 0;
			knownRegions = (
				en,
				Base,
			);
			mainGroup = 60BB6D7624BC47C100444B9B;
			productRefGroup = 60BB6D8024BC47C100444B9B /* Products */;
			projectDirPath = "";
			projectRoot = "";
			targets = (
				60BB6D7E24BC47C100444B9B /* 7.UIWindow */,
				60BB6D9924BC47C200444B9B /* 7.UIWindowTests */,
				60BB6DA424BC47C200444B9B /* 7.UIWindowUITests */,
			);
		};
/* End PBXProject section */

/* Begin PBXResourcesBuildPhase section */
		60BB6D7D24BC47C100444B9B /* Resources */ = {
			isa = PBXResourcesBuildPhase;
			buildActionMask = 2147483647;
			files = (
				60BB6D9224BC47C200444B9B /* LaunchScreen.storyboard in Resources */,
				60BB6D8F24BC47C200444B9B /* Assets.xcassets in Resources */,
				60BB6D8D24BC47C100444B9B /* Main.storyboard in Resources */,
			);
			runOnlyForDeploymentPostprocessing = 0;
		};
		60BB6D9824BC47C200444B9B /* Resources */ = {
			isa = PBXResourcesBuildPhase;
			buildActionMask = 2147483647;
			files = (
			);
			runOnlyForDeploymentPostprocessing = 0;
		};
		60BB6DA324BC47C200444B9B /* Resources */ = {
			isa = PBXResourcesBuildPhase;
			buildActionMask = 2147483647;
			files = (
			);
			runOnlyForDeploymentPostprocessing = 0;
		};
/* End PBXResourcesBuildPhase section */

/* Begin PBXSourcesBuildPhase section */
		60BB6D7B24BC47C100444B9B /* Sources */ = {
			isa = PBXSourcesBuildPhase;
			buildActionMask = 2147483647;
			files = (
				60BB6D8A24BC47C100444B9B /* ViewController.m in Sources */,
				60BB6DB924BC97CD00444B9B /* ViewC02.m in Sources */,
				60BB6D8424BC47C100444B9B /* AppDelegate.m in Sources */,
				60BB6D9524BC47C200444B9B /* main.m in Sources */,
				60BB6D8724BC47C100444B9B /* SceneDelegate.m in Sources */,
			);
			runOnlyForDeploymentPostprocessing = 0;
		};
		60BB6D9624BC47C200444B9B /* Sources */ = {
			isa = PBXSourcesBuildPhase;
			buildActionMask = 2147483647;
			files = (
				60BB6D9F24BC47C200444B9B /* __UIWindowTests.m in Sources */,
			);
			runOnlyForDeploymentPostprocessing = 0;
		};
		60BB6DA124BC47C200444B9B /* Sources */ = {
			isa = PBXSourcesBuildPhase;
			buildActionMask = 2147483647;
			files = (
				60BB6DAA24BC47C200444B9B /* __UIWindowUITests.m in Sources */,
			);
			runOnlyForDeploymentPostprocessing = 0;
		};
/* End PBXSourcesBuildPhase section */

/* Begin PBXTargetDependency section */
		60BB6D9C24BC47C200444B9B /* PBXTargetDependency */ = {
			isa = PBXTargetDependency;
			target = 60BB6D7E24BC47C100444B9B /* 7.UIWindow */;
			targetProxy = 60BB6D9B24BC47C200444B9B /* PBXContainerItemProxy */;
		};
		60BB6DA724BC47C200444B9B /* PBXTargetDependency */ = {
			isa = PBXTargetDependency;
			target = 60BB6D7E24BC47C100444B9B /* 7.UIWindow */;
			targetProxy = 60BB6DA624BC47C200444B9B /* PBXContainerItemProxy */;
		};
/* End PBXTargetDependency section */

/* Begin PBXVariantGroup section */
		60BB6D8B24BC47C100444B9B /* Main.storyboard */ = {
			isa = PBXVariantGroup;
			children = (
				60BB6D8C24BC47C100444B9B /* Base */,
			);
			name = Main.storyboard;
			sourceTree = "<group>";
		};
		60BB6D9024BC47C200444B9B /* LaunchScreen.storyboard */ = {
			isa = PBXVariantGroup;
			children = (
				60BB6D9124BC47C200444B9B /* Base */,
			);
			name = LaunchScreen.storyboard;
			sourceTree = "<group>";
		};
/* End PBXVariantGroup section */

/* Begin XCBuildConfiguration section */
		60BB6DAC24BC47C200444B9B /* Debug */ = {
			isa = XCBuildConfiguration;
			buildSettings = {
				ALWAYS_SEARCH_USER_PATHS = NO;
				CLANG_ANALYZER_NONNULL = YES;
				CLANG_ANALYZER_NUMBER_OBJECT_CONVERSION = YES_AGGRESSIVE;
				CLANG_CXX_LANGUAGE_STANDARD = "gnu++14";
				CLANG_CXX_LIBRARY = "libc++";
				CLANG_ENABLE_MODULES = YES;
				CLANG_ENABLE_OBJC_ARC = YES;
				CLANG_ENABLE_OBJC_WEAK = YES;
				CLANG_WARN_BLOCK_CAPTURE_AUTORELEASING = YES;
				CLANG_WARN_BOOL_CONVERSION = YES;
				CLANG_WARN_COMMA = YES;
				CLANG_WARN_CONSTANT_CONVERSION = YES;
				CLANG_WARN_DEPRECATED_OBJC_IMPLEMENTATIONS = YES;
				CLANG_WARN_DIRECT_OBJC_ISA_USAGE = YES_ERROR;
				CLANG_WARN_DOCUMENTATION_COMMENTS = YES;
				CLANG_WARN_EMPTY_BODY = YES;
				CLANG_WARN_ENUM_CONVERSION = YES;
				CLANG_WARN_INFINITE_RECURSION = YES;
				CLANG_WARN_INT_CONVERSION = YES;
				CLANG_WARN_NON_LITERAL_NULL_CONVERSION = YES;
				CLANG_WARN_OBJC_IMPLICIT_RETAIN_SELF = YES;
				CLANG_WARN_OBJC_LITERAL_CONVERSION = YES;
				CLANG_WARN_OBJC_ROOT_CLASS = YES_ERROR;
				CLANG_WARN_RANGE_LOOP_ANALYSIS = YES;
				CLANG_WARN_STRICT_PROTOTYPES = YES;
				CLANG_WARN_SUSPICIOUS_MOVE = YES;
				CLANG_WARN_UNGUARDED_AVAILABILITY = YES_AGGRESSIVE;
				CLANG_WARN_UNREACHABLE_CODE = YES;
				CLANG_WARN__DUPLICATE_METHOD_MATCH = YES;
				COPY_PHASE_STRIP = NO;
				DEBUG_INFORMATION_FORMAT = dwarf;
				ENABLE_STRICT_OBJC_MSGSEND = YES;
				ENABLE_TESTABILITY = YES;
				GCC_C_LANGUAGE_STANDARD = gnu11;
				GCC_DYNAMIC_NO_PIC = NO;
				GCC_NO_COMMON_BLOCKS = YES;
				GCC_OPTIMIZATION_LEVEL = 0;
				GCC_PREPROCESSOR_DEFINITIONS = (
					"DEBUG=1",
					"$(inherited)",
				);
				GCC_WARN_64_TO_32_BIT_CONVERSION = YES;
				GCC_WARN_ABOUT_RETURN_TYPE = YES_ERROR;
				GCC_WARN_UNDECLARED_SELECTOR = YES;
				GCC_WARN_UNINITIALIZED_AUTOS = YES_AGGRESSIVE;
				GCC_WARN_UNUSED_FUNCTION = YES;
				GCC_WARN_UNUSED_VARIABLE = YES;
				IPHONEOS_DEPLOYMENT_TARGET = 13.5;
				MTL_ENABLE_DEBUG_INFO = INCLUDE_SOURCE;
				MTL_FAST_MATH = YES;
				ONLY_ACTIVE_ARCH = YES;
				SDKROOT = iphoneos;
			};
			name = Debug;
		};
		60BB6DAD24BC47C200444B9B /* Release */ = {
			isa = XCBuildConfiguration;
			buildSettings = {
				ALWAYS_SEARCH_USER_PATHS = NO;
				CLANG_ANALYZER_NONNULL = YES;
				CLANG_ANALYZER_NUMBER_OBJECT_CONVERSION = YES_AGGRESSIVE;
				CLANG_CXX_LANGUAGE_STANDARD = "gnu++14";
				CLANG_CXX_LIBRARY = "libc++";
				CLANG_ENABLE_MODULES = YES;
				CLANG_ENABLE_OBJC_ARC = YES;
				CLANG_ENABLE_OBJC_WEAK = YES;
				CLANG_WARN_BLOCK_CAPTURE_AUTORELEASING = YES;
				CLANG_WARN_BOOL_CONVERSION = YES;
				CLANG_WARN_COMMA = YES;
				CLANG_WARN_CONSTANT_CONVERSION = YES;
				CLANG_WARN_DEPRECATED_OBJC_IMPLEMENTATIONS = YES;
				CLANG_WARN_DIRECT_OBJC_ISA_USAGE = YES_ERROR;
				CLANG_WARN_DOCUMENTATION_COMMENTS = YES;
				CLANG_WARN_EMPTY_BODY = YES;
				CLANG_WARN_ENUM_CONVERSION = YES;
				CLANG_WARN_INFINITE_RECURSION = YES;
				CLANG_WARN_INT_CONVERSION = YES;
				CLANG_WARN_NON_LITERAL_NULL_CONVERSION = YES;
				CLANG_WARN_OBJC_IMPLICIT_RETAIN_SELF = YES;
				CLANG_WARN_OBJC_LITERAL_CONVERSION = YES;
				CLANG_WARN_OBJC_ROOT_CLASS = YES_ERROR;
				CLANG_WARN_RANGE_LOOP_ANALYSIS = YES;
				CLANG_WARN_STRICT_PROTOTYPES = YES;
				CLANG_WARN_SUSPICIOUS_MOVE = YES;
				CLANG_WARN_UNGUARDED_AVAILABILITY = YES_AGGRESSIVE;
				CLANG_WARN_UNREACHABLE_CODE = YES;
				CLANG_WARN__DUPLICATE_METHOD_MATCH = YES;
				COPY_PHASE_STRIP = NO;
				DEBUG_INFORMATION_FORMAT = "dwarf-with-dsym";
				ENABLE_NS_ASSERTIONS = NO;
				ENABLE_STRICT_OBJC_MSGSEND = YES;
				GCC_C_LANGUAGE_STANDARD = gnu11;
				GCC_NO_COMMON_BLOCKS = YES;
				GCC_WARN_64_TO_32_BIT_CONVERSION = YES;
				GCC_WARN_ABOUT_RETURN_TYPE = YES_ERROR;
				GCC_WARN_UNDECLARED_SELECTOR = YES;
				GCC_WARN_UNINITIALIZED_AUTOS = YES_AGGRESSIVE;
				GCC_WARN_UNUSED_FUNCTION = YES;
				GCC_WARN_UNUSED_VARIABLE = YES;
				IPHONEOS_DEPLOYMENT_TARGET = 13.5;
				MTL_ENABLE_DEBUG_INFO = NO;
				MTL_FAST_MATH = YES;
				SDKROOT = iphoneos;
				VALIDATE_PRODUCT = YES;
			};
			name = Release;
		};
		60BB6DAF24BC47C200444B9B /* Debug */ = {
			isa = XCBuildConfiguration;
			buildSettings = {
				ASSETCATALOG_COMPILER_APPICON_NAME = AppIcon;
				CODE_SIGN_STYLE = Automatic;
				INFOPLIST_FILE = 7.UIWindow/Info.plist;
				LD_RUNPATH_SEARCH_PATHS = (
					"$(inherited)",
					"@executable_path/Frameworks",
				);
				PRODUCT_BUNDLE_IDENTIFIER = "fzh541788.--UIWindow";
				PRODUCT_NAME = "$(TARGET_NAME)";
				TARGETED_DEVICE_FAMILY = "1,2";
			};
			name = Debug;
		};
		60BB6DB024BC47C200444B9B /* Release */ = {
			isa = XCBuildConfiguration;
			buildSettings = {
				ASSETCATALOG_COMPILER_APPICON_NAME = AppIcon;
				CODE_SIGN_STYLE = Automatic;
				INFOPLIST_FILE = 7.UIWindow/Info.plist;
				LD_RUNPATH_SEARCH_PATHS = (
					"$(inherited)",
					"@executable_path/Frameworks",
				);
				PRODUCT_BUNDLE_IDENTIFIER = "fzh541788.--UIWindow";
				PRODUCT_NAME = "$(TARGET_NAME)";
				TARGETED_DEVICE_FAMILY = "1,2";
			};
			name = Release;
		};
		60BB6DB224BC47C200444B9B /* Debug */ = {
			isa = XCBuildConfiguration;
			buildSettings = {
				BUNDLE_LOADER = "$(TEST_HOST)";
				CODE_SIGN_STYLE = Automatic;
				INFOPLIST_FILE = 7.UIWindowTests/Info.plist;
				IPHONEOS_DEPLOYMENT_TARGET = 13.5;
				LD_RUNPATH_SEARCH_PATHS = (
					"$(inherited)",
					"@executable_path/Frameworks",
					"@loader_path/Frameworks",
				);
				PRODUCT_BUNDLE_IDENTIFIER = "fzh541788.--UIWindowTests";
				PRODUCT_NAME = "$(TARGET_NAME)";
				TARGETED_DEVICE_FAMILY = "1,2";
				TEST_HOST = "$(BUILT_PRODUCTS_DIR)/7.UIWindow.app/7.UIWindow";
			};
			name = Debug;
		};
		60BB6DB324BC47C200444B9B /* Release */ = {
			isa = XCBuildConfiguration;
			buildSettings = {
				BUNDLE_LOADER = "$(TEST_HOST)";
				CODE_SIGN_STYLE = Automatic;
				INFOPLIST_FILE = 7.UIWindowTests/Info.plist;
				IPHONEOS_DEPLOYMENT_TARGET = 13.5;
				LD_RUNPATH_SEARCH_PATHS = (
					"$(inherited)",
					"@executable_path/Frameworks",
					"@loader_path/Frameworks",
				);
				PRODUCT_BUNDLE_IDENTIFIER = "fzh541788.--UIWindowTests";
				PRODUCT_NAME = "$(TARGET_NAME)";
				TARGETED_DEVICE_FAMILY = "1,2";
				TEST_HOST = "$(BUILT_PRODUCTS_DIR)/7.UIWindow.app/7.UIWindow";
			};
			name = Release;
		};
		60BB6DB524BC47C200444B9B /* Debug */ = {
			isa = XCBuildConfiguration;
			buildSettings = {
				CODE_SIGN_STYLE = Automatic;
				INFOPLIST_FILE = 7.UIWindowUITests/Info.plist;
				LD_RUNPATH_SEARCH_PATHS = (
					"$(inherited)",
					"@executable_path/Frameworks",
					"@loader_path/Frameworks",
				);
				PRODUCT_BUNDLE_IDENTIFIER = "fzh541788.--UIWindowUITests";
				PRODUCT_NAME = "$(TARGET_NAME)";
				TARGETED_DEVICE_FAMILY = "1,2";
				TEST_TARGET_NAME = 7.UIWindow;
			};
			name = Debug;
		};
		60BB6DB624BC47C200444B9B /* Release */ = {
			isa = XCBuildConfiguration;
			buildSettings = {
				CODE_SIGN_STYLE = Automatic;
				INFOPLIST_FILE = 7.UIWindowUITests/Info.plist;
				LD_RUNPATH_SEARCH_PATHS = (
					"$(inherited)",
					"@executable_path/Frameworks",
					"@loader_path/Frameworks",
				);
				PRODUCT_BUNDLE_IDENTIFIER = "fzh541788.--UIWindowUITests";
				PRODUCT_NAME = "$(TARGET_NAME)";
				TARGETED_DEVICE_FAMILY = "1,2";
				TEST_TARGET_NAME = 7.UIWindow;
			};
			name = Release;
		};
/* End XCBuildConfiguration section */

/* Begin XCConfigurationList section */
		60BB6D7A24BC47C100444B9B /* Build configuration list for PBXProject "7.UIWindow" */ = {
			isa = XCConfigurationList;
			buildConfigurations = (
				60BB6DAC24BC47C200444B9B /* Debug */,
				60BB6DAD24BC47C200444B9B /* Release */,
			);
			defaultConfigurationIsVisible = 0;
			defaultConfigurationName = Release;
		};
		60BB6DAE24BC47C200444B9B /* Build configuration list for PBXNativeTarget "7.UIWindow" */ = {
			isa = XCConfigurationList;
			buildConfigurations = (
				60BB6DAF24BC47C200444B9B /* Debug */,
				60BB6DB024BC47C200444B9B /* Release */,
			);
			defaultConfigurationIsVisible = 0;
			defaultConfigurationName = Release;
		};
		60BB6DB124BC47C200444B9B /* Build configuration list for PBXNativeTarget "7.UIWindowTests" */ = {
			isa = XCConfigurationList;
			buildConfigurations = (
				60BB6DB224BC47C200444B9B /* Debug */,
				60BB6DB324BC47C200444B9B /* Release */,
			);
			defaultConfigurationIsVisible = 0;
			defaultConfigurationName = Release;
		};
		60BB6DB424BC47C200444B9B /* Build configuration list for PBXNativeTarget "7.UIWindowUITests" */ = {
			isa = XCConfigurationList;
			buildConfigurations = (
				60BB6DB524BC47C200444B9B /* Debug */,
				60BB6DB624BC47C200444B9B /* Release */,
			);
			defaultConfigurationIsVisible = 0;
			defaultConfigurationName = Release;
		};
/* End XCConfigurationList section */
	};
	rootObject = 60BB6D7724BC47C100444B9B /* Project object */;
}
