// !$*UTF8*$!
{
	archiveVersion = 1;
	classes = {
	};
	objectVersion = 50;
	objects = {

/* Begin PBXBuildFile section */
		6023820724BDE34B00FCE30F /* AppDelegate.m in Sources */ = {isa = PBXBuildFile; fileRef = 6023820624BDE34B00FCE30F /* AppDelegate.m */; };
		6023820A24BDE34B00FCE30F /* SceneDelegate.m in Sources */ = {isa = PBXBuildFile; fileRef = 6023820924BDE34B00FCE30F /* SceneDelegate.m */; };
		6023820D24BDE34B00FCE30F /* ViewController.m in Sources */ = {isa = PBXBuildFile; fileRef = 6023820C24BDE34B00FCE30F /* ViewController.m */; };
		6023821024BDE34B00FCE30F /* Main.storyboard in Resources */ = {isa = PBXBuildFile; fileRef = 6023820E24BDE34B00FCE30F /* Main.storyboard */; };
		6023821224BDE34C00FCE30F /* Assets.xcassets in Resources */ = {isa = PBXBuildFile; fileRef = 6023821124BDE34C00FCE30F /* Assets.xcassets */; };
		6023821524BDE34C00FCE30F /* LaunchScreen.storyboard in Resources */ = {isa = PBXBuildFile; fileRef = 6023821324BDE34C00FCE30F /* LaunchScreen.storyboard */; };
		6023821824BDE34C00FCE30F /* main.m in Sources */ = {isa = PBXBuildFile; fileRef = 6023821724BDE34C00FCE30F /* main.m */; };
		6023822224BDE34C00FCE30F /* _6________Tests.m in Sources */ = {isa = PBXBuildFile; fileRef = 6023822124BDE34C00FCE30F /* _6________Tests.m */; };
		6023822D24BDE34C00FCE30F /* _6________UITests.m in Sources */ = {isa = PBXBuildFile; fileRef = 6023822C24BDE34C00FCE30F /* _6________UITests.m */; };
		6023823C24BDE9D700FCE30F /* SuperView.m in Sources */ = {isa = PBXBuildFile; fileRef = 6023823B24BDE9D700FCE30F /* SuperView.m */; };
/* End PBXBuildFile section */

/* Begin PBXContainerItemProxy section */
		6023821E24BDE34C00FCE30F /* PBXContainerItemProxy */ = {
			isa = PBXContainerItemProxy;
			containerPortal = 602381FA24BDE34A00FCE30F /* Project object */;
			proxyType = 1;
			remoteGlobalIDString = 6023820124BDE34A00FCE30F;
			remoteInfo = "26.手动布局子视图";
		};
		6023822924BDE34C00FCE30F /* PBXContainerItemProxy */ = {
			isa = PBXContainerItemProxy;
			containerPortal = 602381FA24BDE34A00FCE30F /* Project object */;
			proxyType = 1;
			remoteGlobalIDString = 6023820124BDE34A00FCE30F;
			remoteInfo = "26.手动布局子视图";
		};
/* End PBXContainerItemProxy section */

/* Begin PBXFileReference section */
		6023820224BDE34A00FCE30F /* 26.手动布局子视图.app */ = {isa = PBXFileReference; explicitFileType = wrapper.application; includeInIndex = 0; path = "26.手动布局子视图.app"; sourceTree = BUILT_PRODUCTS_DIR; };
		6023820524BDE34A00FCE30F /* AppDelegate.h */ = {isa = PBXFileReference; lastKnownFileType = sourcecode.c.h; path = AppDelegate.h; sourceTree = "<group>"; };
		6023820624BDE34B00FCE30F /* AppDelegate.m */ = {isa = PBXFileReference; lastKnownFileType = sourcecode.c.objc; path = AppDelegate.m; sourceTree = "<group>"; };
		6023820824BDE34B00FCE30F /* SceneDelegate.h */ = {isa = PBXFileReference; lastKnownFileType = sourcecode.c.h; path = SceneDelegate.h; sourceTree = "<group>"; };
		6023820924BDE34B00FCE30F /* SceneDelegate.m */ = {isa = PBXFileReference; lastKnownFileType = sourcecode.c.objc; path = SceneDelegate.m; sourceTree = "<group>"; };
		6023820B24BDE34B00FCE30F /* ViewController.h */ = {isa = PBXFileReference; lastKnownFileType = sourcecode.c.h; path = ViewController.h; sourceTree = "<group>"; };
		6023820C24BDE34B00FCE30F /* ViewController.m */ = {isa = PBXFileReference; lastKnownFileType = sourcecode.c.objc; path = ViewController.m; sourceTree = "<group>"; };
		6023820F24BDE34B00FCE30F /* Base */ = {isa = PBXFileReference; lastKnownFileType = file.storyboard; name = Base; path = Base.lproj/Main.storyboard; sourceTree = "<group>"; };
		6023821124BDE34C00FCE30F /* Assets.xcassets */ = {isa = PBXFileReference; lastKnownFileType = folder.assetcatalog; path = Assets.xcassets; sourceTree = "<group>"; };
		6023821424BDE34C00FCE30F /* Base */ = {isa = PBXFileReference; lastKnownFileType = file.storyboard; name = Base; path = Base.lproj/LaunchScreen.storyboard; sourceTree = "<group>"; };
		6023821624BDE34C00FCE30F /* Info.plist */ = {isa = PBXFileReference; lastKnownFileType = text.plist.xml; path = Info.plist; sourceTree = "<group>"; };
		6023821724BDE34C00FCE30F /* main.m */ = {isa = PBXFileReference; lastKnownFileType = sourcecode.c.objc; path = main.m; sourceTree = "<group>"; };
		6023821D24BDE34C00FCE30F /* 26.手动布局子视图Tests.xctest */ = {isa = PBXFileReference; explicitFileType = wrapper.cfbundle; includeInIndex = 0; path = "26.手动布局子视图Tests.xctest"; sourceTree = BUILT_PRODUCTS_DIR; };
		6023822124BDE34C00FCE30F /* _6________Tests.m */ = {isa = PBXFileReference; lastKnownFileType = sourcecode.c.objc; path = "_6________Tests.m"; sourceTree = "<group>"; };
		6023822324BDE34C00FCE30F /* Info.plist */ = {isa = PBXFileReference; lastKnownFileType = text.plist.xml; path = Info.plist; sourceTree = "<group>"; };
		6023822824BDE34C00FCE30F /* 26.手动布局子视图UITests.xctest */ = {isa = PBXFileReference; explicitFileType = wrapper.cfbundle; includeInIndex = 0; path = "26.手动布局子视图UITests.xctest"; sourceTree = BUILT_PRODUCTS_DIR; };
		6023822C24BDE34C00FCE30F /* _6________UITests.m */ = {isa = PBXFileReference; lastKnownFileType = sourcecode.c.objc; path = "_6________UITests.m"; sourceTree = "<group>"; };
		6023822E24BDE34C00FCE30F /* Info.plist */ = {isa = PBXFileReference; lastKnownFileType = text.plist.xml; path = Info.plist; sourceTree = "<group>"; };
		6023823A24BDE9D700FCE30F /* SuperView.h */ = {isa = PBXFileReference; lastKnownFileType = sourcecode.c.h; path = SuperView.h; sourceTree = "<group>"; };
		6023823B24BDE9D700FCE30F /* SuperView.m */ = {isa = PBXFileReference; lastKnownFileType = sourcecode.c.objc; path = SuperView.m; sourceTree = "<group>"; };
/* End PBXFileReference section */

/* Begin PBXFrameworksBuildPhase section */
		602381FF24BDE34A00FCE30F /* Frameworks */ = {
			isa = PBXFrameworksBuildPhase;
			buildActionMask = 2147483647;
			files = (
			);
			runOnlyForDeploymentPostprocessing = 0;
		};
		6023821A24BDE34C00FCE30F /* Frameworks */ = {
			isa = PBXFrameworksBuildPhase;
			buildActionMask = 2147483647;
			files = (
			);
			runOnlyForDeploymentPostprocessing = 0;
		};
		6023822524BDE34C00FCE30F /* Frameworks */ = {
			isa = PBXFrameworksBuildPhase;
			buildActionMask = 2147483647;
			files = (
			);
			runOnlyForDeploymentPostprocessing = 0;
		};
/* End PBXFrameworksBuildPhase section */

/* Begin PBXGroup section */
		602381F924BDE34A00FCE30F = {
			isa = PBXGroup;
			children = (
				6023820424BDE34A00FCE30F /* 26.手动布局子视图 */,
				6023822024BDE34C00FCE30F /* 26.手动布局子视图Tests */,
				6023822B24BDE34C00FCE30F /* 26.手动布局子视图UITests */,
				6023820324BDE34A00FCE30F /* Products */,
			);
			sourceTree = "<group>";
		};
		6023820324BDE34A00FCE30F /* Products */ = {
			isa = PBXGroup;
			children = (
				6023820224BDE34A00FCE30F /* 26.手动布局子视图.app */,
				6023821D24BDE34C00FCE30F /* 26.手动布局子视图Tests.xctest */,
				6023822824BDE34C00FCE30F /* 26.手动布局子视图UITests.xctest */,
			);
			name = Products;
			sourceTree = "<group>";
		};
		6023820424BDE34A00FCE30F /* 26.手动布局子视图 */ = {
			isa = PBXGroup;
			children = (
				6023820524BDE34A00FCE30F /* AppDelegate.h */,
				6023820624BDE34B00FCE30F /* AppDelegate.m */,
				6023820824BDE34B00FCE30F /* SceneDelegate.h */,
				6023820924BDE34B00FCE30F /* SceneDelegate.m */,
				6023820B24BDE34B00FCE30F /* ViewController.h */,
				6023820C24BDE34B00FCE30F /* ViewController.m */,
				6023823A24BDE9D700FCE30F /* SuperView.h */,
				6023823B24BDE9D700FCE30F /* SuperView.m */,
				6023820E24BDE34B00FCE30F /* Main.storyboard */,
				6023821124BDE34C00FCE30F /* Assets.xcassets */,
				6023821324BDE34C00FCE30F /* LaunchScreen.storyboard */,
				6023821624BDE34C00FCE30F /* Info.plist */,
				6023821724BDE34C00FCE30F /* main.m */,
			);
			path = "26.手动布局子视图";
			sourceTree = "<group>";
		};
		6023822024BDE34C00FCE30F /* 26.手动布局子视图Tests */ = {
			isa = PBXGroup;
			children = (
				6023822124BDE34C00FCE30F /* _6________Tests.m */,
				6023822324BDE34C00FCE30F /* Info.plist */,
			);
			path = "26.手动布局子视图Tests";
			sourceTree = "<group>";
		};
		6023822B24BDE34C00FCE30F /* 26.手动布局子视图UITests */ = {
			isa = PBXGroup;
			children = (
				6023822C24BDE34C00FCE30F /* _6________UITests.m */,
				6023822E24BDE34C00FCE30F /* Info.plist */,
			);
			path = "26.手动布局子视图UITests";
			sourceTree = "<group>";
		};
/* End PBXGroup section */

/* Begin PBXNativeTarget section */
		6023820124BDE34A00FCE30F /* 26.手动布局子视图 */ = {
			isa = PBXNativeTarget;
			buildConfigurationList = 6023823124BDE34C00FCE30F /* Build configuration list for PBXNativeTarget "26.手动布局子视图" */;
			buildPhases = (
				602381FE24BDE34A00FCE30F /* Sources */,
				602381FF24BDE34A00FCE30F /* Frameworks */,
				6023820024BDE34A00FCE30F /* Resources */,
			);
			buildRules = (
			);
			dependencies = (
			);
			name = "26.手动布局子视图";
			productName = "26.手动布局子视图";
			productReference = 6023820224BDE34A00FCE30F /* 26.手动布局子视图.app */;
			productType = "com.apple.product-type.application";
		};
		6023821C24BDE34C00FCE30F /* 26.手动布局子视图Tests */ = {
			isa = PBXNativeTarget;
			buildConfigurationList = 6023823424BDE34C00FCE30F /* Build configuration list for PBXNativeTarget "26.手动布局子视图Tests" */;
			buildPhases = (
				6023821924BDE34C00FCE30F /* Sources */,
				6023821A24BDE34C00FCE30F /* Frameworks */,
				6023821B24BDE34C00FCE30F /* Resources */,
			);
			buildRules = (
			);
			dependencies = (
				6023821F24BDE34C00FCE30F /* PBXTargetDependency */,
			);
			name = "26.手动布局子视图Tests";
			productName = "26.手动布局子视图Tests";
			productReference = 6023821D24BDE34C00FCE30F /* 26.手动布局子视图Tests.xctest */;
			productType = "com.apple.product-type.bundle.unit-test";
		};
		6023822724BDE34C00FCE30F /* 26.手动布局子视图UITests */ = {
			isa = PBXNativeTarget;
			buildConfigurationList = 6023823724BDE34C00FCE30F /* Build configuration list for PBXNativeTarget "26.手动布局子视图UITests" */;
			buildPhases = (
				6023822424BDE34C00FCE30F /* Sources */,
				6023822524BDE34C00FCE30F /* Frameworks */,
				6023822624BDE34C00FCE30F /* Resources */,
			);
			buildRules = (
			);
			dependencies = (
				6023822A24BDE34C00FCE30F /* PBXTargetDependency */,
			);
			name = "26.手动布局子视图UITests";
			productName = "26.手动布局子视图UITests";
			productReference = 6023822824BDE34C00FCE30F /* 26.手动布局子视图UITests.xctest */;
			productType = "com.apple.product-type.bundle.ui-testing";
		};
/* End PBXNativeTarget section */

/* Begin PBXProject section */
		602381FA24BDE34A00FCE30F /* Project object */ = {
			isa = PBXProject;
			attributes = {
				LastUpgradeCheck = 1150;
				ORGANIZATIONNAME = young_jerry;
				TargetAttributes = {
					6023820124BDE34A00FCE30F = {
						CreatedOnToolsVersion = 11.5;
					};
					6023821C24BDE34C00FCE30F = {
						CreatedOnToolsVersion = 11.5;
						TestTargetID = 6023820124BDE34A00FCE30F;
					};
					6023822724BDE34C00FCE30F = {
						CreatedOnToolsVersion = 11.5;
						TestTargetID = 6023820124BDE34A00FCE30F;
					};
				};
			};
			buildConfigurationList = 602381FD24BDE34A00FCE30F /* Build configuration list for PBXProject "26.手动布局子视图" */;
			compatibilityVersion = "Xcode 9.3";
			developmentRegion = en;
			hasScannedForEncodings = 0;
			knownRegions = (
				en,
				Base,
			);
			mainGroup = 602381F924BDE34A00FCE30F;
			productRefGroup = 6023820324BDE34A00FCE30F /* Products */;
			projectDirPath = "";
			projectRoot = "";
			targets = (
				6023820124BDE34A00FCE30F /* 26.手动布局子视图 */,
				6023821C24BDE34C00FCE30F /* 26.手动布局子视图Tests */,
				6023822724BDE34C00FCE30F /* 26.手动布局子视图UITests */,
			);
		};
/* End PBXProject section */

/* Begin PBXResourcesBuildPhase section */
		6023820024BDE34A00FCE30F /* Resources */ = {
			isa = PBXResourcesBuildPhase;
			buildActionMask = 2147483647;
			files = (
				6023821524BDE34C00FCE30F /* LaunchScreen.storyboard in Resources */,
				6023821224BDE34C00FCE30F /* Assets.xcassets in Resources */,
				6023821024BDE34B00FCE30F /* Main.storyboard in Resources */,
			);
			runOnlyForDeploymentPostprocessing = 0;
		};
		6023821B24BDE34C00FCE30F /* Resources */ = {
			isa = PBXResourcesBuildPhase;
			buildActionMask = 2147483647;
			files = (
			);
			runOnlyForDeploymentPostprocessing = 0;
		};
		6023822624BDE34C00FCE30F /* Resources */ = {
			isa = PBXResourcesBuildPhase;
			buildActionMask = 2147483647;
			files = (
			);
			runOnlyForDeploymentPostprocessing = 0;
		};
/* End PBXResourcesBuildPhase section */

/* Begin PBXSourcesBuildPhase section */
		602381FE24BDE34A00FCE30F /* Sources */ = {
			isa = PBXSourcesBuildPhase;
			buildActionMask = 2147483647;
			files = (
				6023820D24BDE34B00FCE30F /* ViewController.m in Sources */,
				6023820724BDE34B00FCE30F /* AppDelegate.m in Sources */,
				6023823C24BDE9D700FCE30F /* SuperView.m in Sources */,
				6023821824BDE34C00FCE30F /* main.m in Sources */,
				6023820A24BDE34B00FCE30F /* SceneDelegate.m in Sources */,
			);
			runOnlyForDeploymentPostprocessing = 0;
		};
		6023821924BDE34C00FCE30F /* Sources */ = {
			isa = PBXSourcesBuildPhase;
			buildActionMask = 2147483647;
			files = (
				6023822224BDE34C00FCE30F /* _6________Tests.m in Sources */,
			);
			runOnlyForDeploymentPostprocessing = 0;
		};
		6023822424BDE34C00FCE30F /* Sources */ = {
			isa = PBXSourcesBuildPhase;
			buildActionMask = 2147483647;
			files = (
				6023822D24BDE34C00FCE30F /* _6________UITests.m in Sources */,
			);
			runOnlyForDeploymentPostprocessing = 0;
		};
/* End PBXSourcesBuildPhase section */

/* Begin PBXTargetDependency section */
		6023821F24BDE34C00FCE30F /* PBXTargetDependency */ = {
			isa = PBXTargetDependency;
			target = 6023820124BDE34A00FCE30F /* 26.手动布局子视图 */;
			targetProxy = 6023821E24BDE34C00FCE30F /* PBXContainerItemProxy */;
		};
		6023822A24BDE34C00FCE30F /* PBXTargetDependency */ = {
			isa = PBXTargetDependency;
			target = 6023820124BDE34A00FCE30F /* 26.手动布局子视图 */;
			targetProxy = 6023822924BDE34C00FCE30F /* PBXContainerItemProxy */;
		};
/* End PBXTargetDependency section */

/* Begin PBXVariantGroup section */
		6023820E24BDE34B00FCE30F /* Main.storyboard */ = {
			isa = PBXVariantGroup;
			children = (
				6023820F24BDE34B00FCE30F /* Base */,
			);
			name = Main.storyboard;
			sourceTree = "<group>";
		};
		6023821324BDE34C00FCE30F /* LaunchScreen.storyboard */ = {
			isa = PBXVariantGroup;
			children = (
				6023821424BDE34C00FCE30F /* Base */,
			);
			name = LaunchScreen.storyboard;
			sourceTree = "<group>";
		};
/* End PBXVariantGroup section */

/* Begin XCBuildConfiguration section */
		6023822F24BDE34C00FCE30F /* Debug */ = {
			isa = XCBuildConfiguration;
			buildSettings = {
				ALWAYS_SEARCH_USER_PATHS = NO;
				CLANG_ANALYZER_NONNULL = YES;
				CLANG_ANALYZER_NUMBER_OBJECT_CONVERSION = YES_AGGRESSIVE;
				CLANG_CXX_LANGUAGE_STANDARD = "gnu++14";
				CLANG_CXX_LIBRARY = "libc++";
				CLANG_ENABLE_MODULES = YES;
				CLANG_ENABLE_OBJC_ARC = YES;
				CLANG_ENABLE_OBJC_WEAK = YES;
				CLANG_WARN_BLOCK_CAPTURE_AUTORELEASING = YES;
				CLANG_WARN_BOOL_CONVERSION = YES;
				CLANG_WARN_COMMA = YES;
				CLANG_WARN_CONSTANT_CONVERSION = YES;
				CLANG_WARN_DEPRECATED_OBJC_IMPLEMENTATIONS = YES;
				CLANG_WARN_DIRECT_OBJC_ISA_USAGE = YES_ERROR;
				CLANG_WARN_DOCUMENTATION_COMMENTS = YES;
				CLANG_WARN_EMPTY_BODY = YES;
				CLANG_WARN_ENUM_CONVERSION = YES;
				CLANG_WARN_INFINITE_RECURSION = YES;
				CLANG_WARN_INT_CONVERSION = YES;
				CLANG_WARN_NON_LITERAL_NULL_CONVERSION = YES;
				CLANG_WARN_OBJC_IMPLICIT_RETAIN_SELF = YES;
				CLANG_WARN_OBJC_LITERAL_CONVERSION = YES;
				CLANG_WARN_OBJC_ROOT_CLASS = YES_ERROR;
				CLANG_WARN_RANGE_LOOP_ANALYSIS = YES;
				CLANG_WARN_STRICT_PROTOTYPES = YES;
				CLANG_WARN_SUSPICIOUS_MOVE = YES;
				CLANG_WARN_UNGUARDED_AVAILABILITY = YES_AGGRESSIVE;
				CLANG_WARN_UNREACHABLE_CODE = YES;
				CLANG_WARN__DUPLICATE_METHOD_MATCH = YES;
				COPY_PHASE_STRIP = NO;
				DEBUG_INFORMATION_FORMAT = dwarf;
				ENABLE_STRICT_OBJC_MSGSEND = YES;
				ENABLE_TESTABILITY = YES;
				GCC_C_LANGUAGE_STANDARD = gnu11;
				GCC_DYNAMIC_NO_PIC = NO;
				GCC_NO_COMMON_BLOCKS = YES;
				GCC_OPTIMIZATION_LEVEL = 0;
				GCC_PREPROCESSOR_DEFINITIONS = (
					"DEBUG=1",
					"$(inherited)",
				);
				GCC_WARN_64_TO_32_BIT_CONVERSION = YES;
				GCC_WARN_ABOUT_RETURN_TYPE = YES_ERROR;
				GCC_WARN_UNDECLARED_SELECTOR = YES;
				GCC_WARN_UNINITIALIZED_AUTOS = YES_AGGRESSIVE;
				GCC_WARN_UNUSED_FUNCTION = YES;
				GCC_WARN_UNUSED_VARIABLE = YES;
				IPHONEOS_DEPLOYMENT_TARGET = 13.5;
				MTL_ENABLE_DEBUG_INFO = INCLUDE_SOURCE;
				MTL_FAST_MATH = YES;
				ONLY_ACTIVE_ARCH = YES;
				SDKROOT = iphoneos;
			};
			name = Debug;
		};
		6023823024BDE34C00FCE30F /* Release */ = {
			isa = XCBuildConfiguration;
			buildSettings = {
				ALWAYS_SEARCH_USER_PATHS = NO;
				CLANG_ANALYZER_NONNULL = YES;
				CLANG_ANALYZER_NUMBER_OBJECT_CONVERSION = YES_AGGRESSIVE;
				CLANG_CXX_LANGUAGE_STANDARD = "gnu++14";
				CLANG_CXX_LIBRARY = "libc++";
				CLANG_ENABLE_MODULES = YES;
				CLANG_ENABLE_OBJC_ARC = YES;
				CLANG_ENABLE_OBJC_WEAK = YES;
				CLANG_WARN_BLOCK_CAPTURE_AUTORELEASING = YES;
				CLANG_WARN_BOOL_CONVERSION = YES;
				CLANG_WARN_COMMA = YES;
				CLANG_WARN_CONSTANT_CONVERSION = YES;
				CLANG_WARN_DEPRECATED_OBJC_IMPLEMENTATIONS = YES;
				CLANG_WARN_DIRECT_OBJC_ISA_USAGE = YES_ERROR;
				CLANG_WARN_DOCUMENTATION_COMMENTS = YES;
				CLANG_WARN_EMPTY_BODY = YES;
				CLANG_WARN_ENUM_CONVERSION = YES;
				CLANG_WARN_INFINITE_RECURSION = YES;
				CLANG_WARN_INT_CONVERSION = YES;
				CLANG_WARN_NON_LITERAL_NULL_CONVERSION = YES;
				CLANG_WARN_OBJC_IMPLICIT_RETAIN_SELF = YES;
				CLANG_WARN_OBJC_LITERAL_CONVERSION = YES;
				CLANG_WARN_OBJC_ROOT_CLASS = YES_ERROR;
				CLANG_WARN_RANGE_LOOP_ANALYSIS = YES;
				CLANG_WARN_STRICT_PROTOTYPES = YES;
				CLANG_WARN_SUSPICIOUS_MOVE = YES;
				CLANG_WARN_UNGUARDED_AVAILABILITY = YES_AGGRESSIVE;
				CLANG_WARN_UNREACHABLE_CODE = YES;
				CLANG_WARN__DUPLICATE_METHOD_MATCH = YES;
				COPY_PHASE_STRIP = NO;
				DEBUG_INFORMATION_FORMAT = "dwarf-with-dsym";
				ENABLE_NS_ASSERTIONS = NO;
				ENABLE_STRICT_OBJC_MSGSEND = YES;
				GCC_C_LANGUAGE_STANDARD = gnu11;
				GCC_NO_COMMON_BLOCKS = YES;
				GCC_WARN_64_TO_32_BIT_CONVERSION = YES;
				GCC_WARN_ABOUT_RETURN_TYPE = YES_ERROR;
				GCC_WARN_UNDECLARED_SELECTOR = YES;
				GCC_WARN_UNINITIALIZED_AUTOS = YES_AGGRESSIVE;
				GCC_WARN_UNUSED_FUNCTION = YES;
				GCC_WARN_UNUSED_VARIABLE = YES;
				IPHONEOS_DEPLOYMENT_TARGET = 13.5;
				MTL_ENABLE_DEBUG_INFO = NO;
				MTL_FAST_MATH = YES;
				SDKROOT = iphoneos;
				VALIDATE_PRODUCT = YES;
			};
			name = Release;
		};
		6023823224BDE34C00FCE30F /* Debug */ = {
			isa = XCBuildConfiguration;
			buildSettings = {
				ASSETCATALOG_COMPILER_APPICON_NAME = AppIcon;
				CODE_SIGN_STYLE = Automatic;
				INFOPLIST_FILE = "26.手动布局子视图/Info.plist";
				LD_RUNPATH_SEARCH_PATHS = (
					"$(inherited)",
					"@executable_path/Frameworks",
				);
				PRODUCT_BUNDLE_IDENTIFIER = "fzh541788.-6--------";
				PRODUCT_NAME = "$(TARGET_NAME)";
				TARGETED_DEVICE_FAMILY = "1,2";
			};
			name = Debug;
		};
		6023823324BDE34C00FCE30F /* Release */ = {
			isa = XCBuildConfiguration;
			buildSettings = {
				ASSETCATALOG_COMPILER_APPICON_NAME = AppIcon;
				CODE_SIGN_STYLE = Automatic;
				INFOPLIST_FILE = "26.手动布局子视图/Info.plist";
				LD_RUNPATH_SEARCH_PATHS = (
					"$(inherited)",
					"@executable_path/Frameworks",
				);
				PRODUCT_BUNDLE_IDENTIFIER = "fzh541788.-6--------";
				PRODUCT_NAME = "$(TARGET_NAME)";
				TARGETED_DEVICE_FAMILY = "1,2";
			};
			name = Release;
		};
		6023823524BDE34C00FCE30F /* Debug */ = {
			isa = XCBuildConfiguration;
			buildSettings = {
				BUNDLE_LOADER = "$(TEST_HOST)";
				CODE_SIGN_STYLE = Automatic;
				INFOPLIST_FILE = "26.手动布局子视图Tests/Info.plist";
				IPHONEOS_DEPLOYMENT_TARGET = 13.5;
				LD_RUNPATH_SEARCH_PATHS = (
					"$(inherited)",
					"@executable_path/Frameworks",
					"@loader_path/Frameworks",
				);
				PRODUCT_BUNDLE_IDENTIFIER = "fzh541788.-6--------Tests";
				PRODUCT_NAME = "$(TARGET_NAME)";
				TARGETED_DEVICE_FAMILY = "1,2";
				TEST_HOST = "$(BUILT_PRODUCTS_DIR)/26.手动布局子视图.app/26.手动布局子视图";
			};
			name = Debug;
		};
		6023823624BDE34C00FCE30F /* Release */ = {
			isa = XCBuildConfiguration;
			buildSettings = {
				BUNDLE_LOADER = "$(TEST_HOST)";
				CODE_SIGN_STYLE = Automatic;
				INFOPLIST_FILE = "26.手动布局子视图Tests/Info.plist";
				IPHONEOS_DEPLOYMENT_TARGET = 13.5;
				LD_RUNPATH_SEARCH_PATHS = (
					"$(inherited)",
					"@executable_path/Frameworks",
					"@loader_path/Frameworks",
				);
				PRODUCT_BUNDLE_IDENTIFIER = "fzh541788.-6--------Tests";
				PRODUCT_NAME = "$(TARGET_NAME)";
				TARGETED_DEVICE_FAMILY = "1,2";
				TEST_HOST = "$(BUILT_PRODUCTS_DIR)/26.手动布局子视图.app/26.手动布局子视图";
			};
			name = Release;
		};
		6023823824BDE34C00FCE30F /* Debug */ = {
			isa = XCBuildConfiguration;
			buildSettings = {
				CODE_SIGN_STYLE = Automatic;
				INFOPLIST_FILE = "26.手动布局子视图UITests/Info.plist";
				LD_RUNPATH_SEARCH_PATHS = (
					"$(inherited)",
					"@executable_path/Frameworks",
					"@loader_path/Frameworks",
				);
				PRODUCT_BUNDLE_IDENTIFIER = "fzh541788.-6--------UITests";
				PRODUCT_NAME = "$(TARGET_NAME)";
				TARGETED_DEVICE_FAMILY = "1,2";
				TEST_TARGET_NAME = "26.手动布局子视图";
			};
			name = Debug;
		};
		6023823924BDE34C00FCE30F /* Release */ = {
			isa = XCBuildConfiguration;
			buildSettings = {
				CODE_SIGN_STYLE = Automatic;
				INFOPLIST_FILE = "26.手动布局子视图UITests/Info.plist";
				LD_RUNPATH_SEARCH_PATHS = (
					"$(inherited)",
					"@executable_path/Frameworks",
					"@loader_path/Frameworks",
				);
				PRODUCT_BUNDLE_IDENTIFIER = "fzh541788.-6--------UITests";
				PRODUCT_NAME = "$(TARGET_NAME)";
				TARGETED_DEVICE_FAMILY = "1,2";
				TEST_TARGET_NAME = "26.手动布局子视图";
			};
			name = Release;
		};
/* End XCBuildConfiguration section */

/* Begin XCConfigurationList section */
		602381FD24BDE34A00FCE30F /* Build configuration list for PBXProject "26.手动布局子视图" */ = {
			isa = XCConfigurationList;
			buildConfigurations = (
				6023822F24BDE34C00FCE30F /* Debug */,
				6023823024BDE34C00FCE30F /* Release */,
			);
			defaultConfigurationIsVisible = 0;
			defaultConfigurationName = Release;
		};
		6023823124BDE34C00FCE30F /* Build configuration list for PBXNativeTarget "26.手动布局子视图" */ = {
			isa = XCConfigurationList;
			buildConfigurations = (
				6023823224BDE34C00FCE30F /* Debug */,
				6023823324BDE34C00FCE30F /* Release */,
			);
			defaultConfigurationIsVisible = 0;
			defaultConfigurationName = Release;
		};
		6023823424BDE34C00FCE30F /* Build configuration list for PBXNativeTarget "26.手动布局子视图Tests" */ = {
			isa = XCConfigurationList;
			buildConfigurations = (
				6023823524BDE34C00FCE30F /* Debug */,
				6023823624BDE34C00FCE30F /* Release */,
			);
			defaultConfigurationIsVisible = 0;
			defaultConfigurationName = Release;
		};
		6023823724BDE34C00FCE30F /* Build configuration list for PBXNativeTarget "26.手动布局子视图UITests" */ = {
			isa = XCConfigurationList;
			buildConfigurations = (
				6023823824BDE34C00FCE30F /* Debug */,
				6023823924BDE34C00FCE30F /* Release */,
			);
			defaultConfigurationIsVisible = 0;
			defaultConfigurationName = Release;
		};
/* End XCConfigurationList section */
	};
	rootObject = 602381FA24BDE34A00FCE30F /* Project object */;
}
